
Microsoft Visual Studio Solution File, Format Version 12.00
# Visual Studio Version 17
VisualStudioVersion = 17.4.33205.214
MinimumVisualStudioVersion = 10.0.40219.1
Project("{FAE04EC0-301F-11D3-BF4B-00C04F79EFBC}") = "DrawFigure.Con", "DrawFigure.Con\DrawFigure.Con.csproj", "{399878CB-15FD-4ABC-BC94-2EF581C4757C}"
EndProject
Project("{FAE04EC0-301F-11D3-BF4B-00C04F79EFBC}") = "DrawFigure.Con.Test", "DrawFigure.Con.Test\DrawFigure.Con.Test.csproj", "{DDCDD2EF-19F7-403B-B161-CD56550891DB}"
EndProject
Global
	GlobalSection(SolutionConfigurationPlatforms) = preSolution
		Debug|Any CPU = Debug|Any CPU
		Release|Any CPU = Release|Any CPU
	EndGlobalSection
	GlobalSection(ProjectConfigurationPlatforms) = postSolution
		{399878CB-15FD-4ABC-BC94-2EF581C4757C}.Debug|Any CPU.ActiveCfg = Debug|Any CPU
		{399878CB-15FD-4ABC-BC94-2EF581C4757C}.Debug|Any CPU.Build.0 = Debug|Any CPU
		{399878CB-15FD-4ABC-BC94-2EF581C4757C}.Release|Any CPU.ActiveCfg = Release|Any CPU
		{399878CB-15FD-4ABC-BC94-2EF581C4757C}.Release|Any CPU.Build.0 = Release|Any CPU
		{DDCDD2EF-19F7-403B-B161-CD56550891DB}.Debug|Any CPU.ActiveCfg = Debug|Any CPU
		{DDCDD2EF-19F7-403B-B161-CD56550891DB}.Debug|Any CPU.Build.0 = Debug|Any CPU
		{DDCDD2EF-19F7-403B-B161-CD56550891DB}.Release|Any CPU.ActiveCfg = Release|Any CPU
		{DDCDD2EF-19F7-403B-B161-CD56550891DB}.Release|Any CPU.Build.0 = Release|Any CPU
	EndGlobalSection
	GlobalSection(SolutionProperties) = preSolution
		HideSolutionNode = FALSE
	EndGlobalSection
	GlobalSection(ExtensibilityGlobals) = postSolution
		SolutionGuid = {E68C9ACB-F02A-44D5-AED4-0CA8813978BB}
	EndGlobalSection
EndGlobal
